// !$*UTF8*$!
{
	archiveVersion = 1;
	classes = {
	};
	objectVersion = 50;
	objects = {

/* Begin PBXBuildFile section */
		AF31609321226477003A3730 /* Plants.swift in Sources */ = {isa = PBXBuildFile; fileRef = AF31609221226477003A3730 /* Plants.swift */; };
		AF70316B2175C13C00B0B11B /* PlantsDetailSeparatorCell.swift in Sources */ = {isa = PBXBuildFile; fileRef = AF70316A2175C13C00B0B11B /* PlantsDetailSeparatorCell.swift */; };
		AF70316D2175C1BB00B0B11B /* PlantsDetailMapCell.swift in Sources */ = {isa = PBXBuildFile; fileRef = AF70316C2175C1BB00B0B11B /* PlantsDetailMapCell.swift */; };
		AF70316F2175D52400B0B11B /* MapViewController.swift in Sources */ = {isa = PBXBuildFile; fileRef = AF70316E2175D52400B0B11B /* MapViewController.swift */; };
		AF90643121176EAD00526161 /* AppDelegate.swift in Sources */ = {isa = PBXBuildFile; fileRef = AF90643021176EAD00526161 /* AppDelegate.swift */; };
		AF90643621176EAD00526161 /* Main.storyboard in Resources */ = {isa = PBXBuildFile; fileRef = AF90643421176EAD00526161 /* Main.storyboard */; };
		AF90643821176EAF00526161 /* Assets.xcassets in Resources */ = {isa = PBXBuildFile; fileRef = AF90643721176EAF00526161 /* Assets.xcassets */; };
		AF90643B21176EAF00526161 /* LaunchScreen.storyboard in Resources */ = {isa = PBXBuildFile; fileRef = AF90643921176EAF00526161 /* LaunchScreen.storyboard */; };
		AF906443211771C100526161 /* PlantsTableViewController.swift in Sources */ = {isa = PBXBuildFile; fileRef = AF906442211771C100526161 /* PlantsTableViewController.swift */; };
		AF906445211771DF00526161 /* PlantsTableViewCell.swift in Sources */ = {isa = PBXBuildFile; fileRef = AF906444211771DF00526161 /* PlantsTableViewCell.swift */; };
		AFB0F27C2192887900337185 /* Plantslocation.swift in Sources */ = {isa = PBXBuildFile; fileRef = AFB0F27B2192887900337185 /* Plantslocation.swift */; };
		AFB0F27E2192893C00337185 /* Datatag.swift in Sources */ = {isa = PBXBuildFile; fileRef = AFB0F27D2192893C00337185 /* Datatag.swift */; };
		AFB0F28F2192D88800337185 /* mushin.otf in Resources */ = {isa = PBXBuildFile; fileRef = AFB0F28D2192D88800337185 /* mushin.otf */; };
		AFB1914B2174DB48005E81F5 /* PlantsDetailHeaderView.swift in Sources */ = {isa = PBXBuildFile; fileRef = AFB1914A2174DB48005E81F5 /* PlantsDetailHeaderView.swift */; };
		AFB1914D2174E09F005E81F5 /* PlantsDetailIconTextCell.swift in Sources */ = {isa = PBXBuildFile; fileRef = AFB1914C2174E09F005E81F5 /* PlantsDetailIconTextCell.swift */; };
		AFB1914F2174E734005E81F5 /* PlantsDetailTextCell.swift in Sources */ = {isa = PBXBuildFile; fileRef = AFB1914E2174E734005E81F5 /* PlantsDetailTextCell.swift */; };
		AFB1E87121B7798600361DB5 /* ncnuplant.sqlite in Resources */ = {isa = PBXBuildFile; fileRef = AFB1E87021B7798600361DB5 /* ncnuplant.sqlite */; };
		AFB9BD9A21762F3300A5B78F /* OFL.txt in Resources */ = {isa = PBXBuildFile; fileRef = AFB191522174EE2A005E81F5 /* OFL.txt */; };
		AFB9BD9B21762F3300A5B78F /* Rubik-Black.ttf in Resources */ = {isa = PBXBuildFile; fileRef = AFB191582174EE2A005E81F5 /* Rubik-Black.ttf */; };
		AFB9BD9C21762F3300A5B78F /* Rubik-BlackItalic.ttf in Resources */ = {isa = PBXBuildFile; fileRef = AFB1915B2174EE2B005E81F5 /* Rubik-BlackItalic.ttf */; };
		AFB9BD9D21762F3300A5B78F /* Rubik-Bold.ttf in Resources */ = {isa = PBXBuildFile; fileRef = AFB191562174EE2A005E81F5 /* Rubik-Bold.ttf */; };
		AFB9BD9E21762F3300A5B78F /* Rubik-BoldItalic.ttf in Resources */ = {isa = PBXBuildFile; fileRef = AFB191532174EE2A005E81F5 /* Rubik-BoldItalic.ttf */; };
		AFB9BD9F21762F3300A5B78F /* Rubik-Italic.ttf in Resources */ = {isa = PBXBuildFile; fileRef = AFB191592174EE2A005E81F5 /* Rubik-Italic.ttf */; };
		AFB9BDA021762F3300A5B78F /* Rubik-Light.ttf in Resources */ = {isa = PBXBuildFile; fileRef = AFB191512174EE2A005E81F5 /* Rubik-Light.ttf */; };
		AFB9BDA121762F3300A5B78F /* Rubik-LightItalic.ttf in Resources */ = {isa = PBXBuildFile; fileRef = AFB191572174EE2A005E81F5 /* Rubik-LightItalic.ttf */; };
		AFB9BDA221762F3300A5B78F /* Rubik-Medium.ttf in Resources */ = {isa = PBXBuildFile; fileRef = AFB191542174EE2A005E81F5 /* Rubik-Medium.ttf */; };
		AFB9BDA321762F3300A5B78F /* Rubik-MediumItalic.ttf in Resources */ = {isa = PBXBuildFile; fileRef = AFB191552174EE2A005E81F5 /* Rubik-MediumItalic.ttf */; };
		AFB9BDA421762F3300A5B78F /* Rubik-Regular.ttf in Resources */ = {isa = PBXBuildFile; fileRef = AFB1915A2174EE2B005E81F5 /* Rubik-Regular.ttf */; };
		AFB9BDA721762F5E00A5B78F /* Plants.xcdatamodeld in Sources */ = {isa = PBXBuildFile; fileRef = AFB9BDA521762F5E00A5B78F /* Plants.xcdatamodeld */; };
		AFC23AB62191E6C300D6EE3B /* libsqlite3.tbd in Frameworks */ = {isa = PBXBuildFile; fileRef = AFC23AB52191E6C300D6EE3B /* libsqlite3.tbd */; };
		AFC23AB82191E70A00D6EE3B /* SQLiteConnect.swift in Sources */ = {isa = PBXBuildFile; fileRef = AFC23AB72191E70A00D6EE3B /* SQLiteConnect.swift */; };
		AFCD75B821180B45002D13C1 /* PlantsDetailViewController.swift in Sources */ = {isa = PBXBuildFile; fileRef = AFCD75B721180B45002D13C1 /* PlantsDetailViewController.swift */; };
		AFD2573921A3F7C5000E7C33 /* setofont.ttf in Resources */ = {isa = PBXBuildFile; fileRef = AFD2573721A3F7C5000E7C33 /* setofont.ttf */; };
		AFD2573A21A3F7C5000E7C33 /* setofont-ex.ttf in Resources */ = {isa = PBXBuildFile; fileRef = AFD2573821A3F7C5000E7C33 /* setofont-ex.ttf */; };
/* End PBXBuildFile section */

/* Begin PBXFileReference section */
		AF31609221226477003A3730 /* Plants.swift */ = {isa = PBXFileReference; lastKnownFileType = sourcecode.swift; path = Plants.swift; sourceTree = "<group>"; };
		AF70316A2175C13C00B0B11B /* PlantsDetailSeparatorCell.swift */ = {isa = PBXFileReference; lastKnownFileType = sourcecode.swift; path = PlantsDetailSeparatorCell.swift; sourceTree = "<group>"; };
		AF70316C2175C1BB00B0B11B /* PlantsDetailMapCell.swift */ = {isa = PBXFileReference; lastKnownFileType = sourcecode.swift; path = PlantsDetailMapCell.swift; sourceTree = "<group>"; };
		AF70316E2175D52400B0B11B /* MapViewController.swift */ = {isa = PBXFileReference; lastKnownFileType = sourcecode.swift; path = MapViewController.swift; sourceTree = "<group>"; };
		AF90642D21176EAD00526161 /* plants.app */ = {isa = PBXFileReference; explicitFileType = wrapper.application; includeInIndex = 0; path = plants.app; sourceTree = BUILT_PRODUCTS_DIR; };
		AF90643021176EAD00526161 /* AppDelegate.swift */ = {isa = PBXFileReference; lastKnownFileType = sourcecode.swift; path = AppDelegate.swift; sourceTree = "<group>"; };
		AF90643521176EAD00526161 /* Base */ = {isa = PBXFileReference; lastKnownFileType = file.storyboard; name = Base; path = Base.lproj/Main.storyboard; sourceTree = "<group>"; };
		AF90643721176EAF00526161 /* Assets.xcassets */ = {isa = PBXFileReference; lastKnownFileType = folder.assetcatalog; path = Assets.xcassets; sourceTree = "<group>"; };
		AF90643A21176EAF00526161 /* Base */ = {isa = PBXFileReference; lastKnownFileType = file.storyboard; name = Base; path = Base.lproj/LaunchScreen.storyboard; sourceTree = "<group>"; };
		AF90643C21176EAF00526161 /* Info.plist */ = {isa = PBXFileReference; lastKnownFileType = text.plist.xml; path = Info.plist; sourceTree = "<group>"; };
		AF906442211771C100526161 /* PlantsTableViewController.swift */ = {isa = PBXFileReference; lastKnownFileType = sourcecode.swift; path = PlantsTableViewController.swift; sourceTree = "<group>"; };
		AF906444211771DF00526161 /* PlantsTableViewCell.swift */ = {isa = PBXFileReference; lastKnownFileType = sourcecode.swift; path = PlantsTableViewCell.swift; sourceTree = "<group>"; };
		AFB0F27B2192887900337185 /* Plantslocation.swift */ = {isa = PBXFileReference; lastKnownFileType = sourcecode.swift; path = Plantslocation.swift; sourceTree = "<group>"; };
		AFB0F27D2192893C00337185 /* Datatag.swift */ = {isa = PBXFileReference; lastKnownFileType = sourcecode.swift; path = Datatag.swift; sourceTree = "<group>"; };
		AFB0F28D2192D88800337185 /* mushin.otf */ = {isa = PBXFileReference; lastKnownFileType = file; path = mushin.otf; sourceTree = "<group>"; };
		AFB1914A2174DB48005E81F5 /* PlantsDetailHeaderView.swift */ = {isa = PBXFileReference; lastKnownFileType = sourcecode.swift; path = PlantsDetailHeaderView.swift; sourceTree = "<group>"; };
		AFB1914C2174E09F005E81F5 /* PlantsDetailIconTextCell.swift */ = {isa = PBXFileReference; lastKnownFileType = sourcecode.swift; path = PlantsDetailIconTextCell.swift; sourceTree = "<group>"; };
		AFB1914E2174E734005E81F5 /* PlantsDetailTextCell.swift */ = {isa = PBXFileReference; lastKnownFileType = sourcecode.swift; path = PlantsDetailTextCell.swift; sourceTree = "<group>"; };
		AFB191512174EE2A005E81F5 /* Rubik-Light.ttf */ = {isa = PBXFileReference; lastKnownFileType = file; path = "Rubik-Light.ttf"; sourceTree = "<group>"; };
		AFB191522174EE2A005E81F5 /* OFL.txt */ = {isa = PBXFileReference; fileEncoding = 4; lastKnownFileType = text; path = OFL.txt; sourceTree = "<group>"; };
		AFB191532174EE2A005E81F5 /* Rubik-BoldItalic.ttf */ = {isa = PBXFileReference; lastKnownFileType = file; path = "Rubik-BoldItalic.ttf"; sourceTree = "<group>"; };
		AFB191542174EE2A005E81F5 /* Rubik-Medium.ttf */ = {isa = PBXFileReference; lastKnownFileType = file; path = "Rubik-Medium.ttf"; sourceTree = "<group>"; };
		AFB191552174EE2A005E81F5 /* Rubik-MediumItalic.ttf */ = {isa = PBXFileReference; lastKnownFileType = file; path = "Rubik-MediumItalic.ttf"; sourceTree = "<group>"; };
		AFB191562174EE2A005E81F5 /* Rubik-Bold.ttf */ = {isa = PBXFileReference; lastKnownFileType = file; path = "Rubik-Bold.ttf"; sourceTree = "<group>"; };
		AFB191572174EE2A005E81F5 /* Rubik-LightItalic.ttf */ = {isa = PBXFileReference; lastKnownFileType = file; path = "Rubik-LightItalic.ttf"; sourceTree = "<group>"; };
		AFB191582174EE2A005E81F5 /* Rubik-Black.ttf */ = {isa = PBXFileReference; lastKnownFileType = file; path = "Rubik-Black.ttf"; sourceTree = "<group>"; };
		AFB191592174EE2A005E81F5 /* Rubik-Italic.ttf */ = {isa = PBXFileReference; lastKnownFileType = file; path = "Rubik-Italic.ttf"; sourceTree = "<group>"; };
		AFB1915A2174EE2B005E81F5 /* Rubik-Regular.ttf */ = {isa = PBXFileReference; lastKnownFileType = file; path = "Rubik-Regular.ttf"; sourceTree = "<group>"; };
		AFB1915B2174EE2B005E81F5 /* Rubik-BlackItalic.ttf */ = {isa = PBXFileReference; lastKnownFileType = file; path = "Rubik-BlackItalic.ttf"; sourceTree = "<group>"; };
		AFB1E87021B7798600361DB5 /* ncnuplant.sqlite */ = {isa = PBXFileReference; lastKnownFileType = file; name = ncnuplant.sqlite; path = ../../ncnuplant.sqlite; sourceTree = "<group>"; };
		AFB9BDA621762F5E00A5B78F /* Plants.xcdatamodel */ = {isa = PBXFileReference; lastKnownFileType = wrapper.xcdatamodel; path = Plants.xcdatamodel; sourceTree = "<group>"; };
		AFC23AB32191E6A200D6EE3B /* BridgeHeader.h */ = {isa = PBXFileReference; lastKnownFileType = sourcecode.c.h; path = BridgeHeader.h; sourceTree = "<group>"; };
		AFC23AB52191E6C300D6EE3B /* libsqlite3.tbd */ = {isa = PBXFileReference; lastKnownFileType = "sourcecode.text-based-dylib-definition"; name = libsqlite3.tbd; path = usr/lib/libsqlite3.tbd; sourceTree = SDKROOT; };
		AFC23AB72191E70A00D6EE3B /* SQLiteConnect.swift */ = {isa = PBXFileReference; lastKnownFileType = sourcecode.swift; path = SQLiteConnect.swift; sourceTree = "<group>"; };
		AFCD75B721180B45002D13C1 /* PlantsDetailViewController.swift */ = {isa = PBXFileReference; lastKnownFileType = sourcecode.swift; path = PlantsDetailViewController.swift; sourceTree = "<group>"; };
		AFD2573721A3F7C5000E7C33 /* setofont.ttf */ = {isa = PBXFileReference; lastKnownFileType = file; path = setofont.ttf; sourceTree = "<group>"; };
		AFD2573821A3F7C5000E7C33 /* setofont-ex.ttf */ = {isa = PBXFileReference; lastKnownFileType = file; path = "setofont-ex.ttf"; sourceTree = "<group>"; };
/* End PBXFileReference section */

/* Begin PBXFrameworksBuildPhase section */
		AF90642A21176EAD00526161 /* Frameworks */ = {
			isa = PBXFrameworksBuildPhase;
			buildActionMask = 2147483647;
			files = (
				AFC23AB62191E6C300D6EE3B /* libsqlite3.tbd in Frameworks */,
			);
			runOnlyForDeploymentPostprocessing = 0;
		};
/* End PBXFrameworksBuildPhase section */

/* Begin PBXGroup section */
		AF31609521226C46003A3730 /* Controller */ = {
			isa = PBXGroup;
			children = (
				AF906442211771C100526161 /* PlantsTableViewController.swift */,
				AFCD75B721180B45002D13C1 /* PlantsDetailViewController.swift */,
				AF70316E2175D52400B0B11B /* MapViewController.swift */,
			);
			path = Controller;
			sourceTree = "<group>";
		};
		AF31609621226C80003A3730 /* storyboard */ = {
			isa = PBXGroup;
			children = (
				AF90643921176EAF00526161 /* LaunchScreen.storyboard */,
				AF90643421176EAD00526161 /* Main.storyboard */,
			);
			path = storyboard;
			sourceTree = "<group>";
		};
		AF31609721226CA2003A3730 /* cell */ = {
			isa = PBXGroup;
			children = (
				AF906444211771DF00526161 /* PlantsTableViewCell.swift */,
			);
			path = cell;
			sourceTree = "<group>";
		};
		AF31609821226CAF003A3730 /* Model */ = {
			isa = PBXGroup;
			children = (
				AF31609221226477003A3730 /* Plants.swift */,
				AFB0F27B2192887900337185 /* Plantslocation.swift */,
				AFB0F27D2192893C00337185 /* Datatag.swift */,
			);
			path = Model;
			sourceTree = "<group>";
		};
		AF90642421176EAD00526161 = {
			isa = PBXGroup;
			children = (
				AF90642F21176EAD00526161 /* plants */,
				AF90642E21176EAD00526161 /* Products */,
				AFC23AB42191E6C300D6EE3B /* Frameworks */,
			);
			sourceTree = "<group>";
		};
		AF90642E21176EAD00526161 /* Products */ = {
			isa = PBXGroup;
			children = (
				AF90642D21176EAD00526161 /* plants.app */,
			);
			name = Products;
			sourceTree = "<group>";
		};
		AF90642F21176EAD00526161 /* plants */ = {
			isa = PBXGroup;
			children = (
				AFB1E87021B7798600361DB5 /* ncnuplant.sqlite */,
				AFB0F28C2192D87A00337185 /* Souce3 */,
				AFD2573621A3F7C5000E7C33 /* Source2 */,
				AFB191502174EE0F005E81F5 /* Source */,
				AF31609621226C80003A3730 /* storyboard */,
				AF31609821226CAF003A3730 /* Model */,
				AFB191492174D9CE005E81F5 /* View */,
				AF31609521226C46003A3730 /* Controller */,
				AF31609721226CA2003A3730 /* cell */,
				AF90643021176EAD00526161 /* AppDelegate.swift */,
				AF90643721176EAF00526161 /* Assets.xcassets */,
				AF90643C21176EAF00526161 /* Info.plist */,
				AFB9BDA521762F5E00A5B78F /* Plants.xcdatamodeld */,
				AFC23AB32191E6A200D6EE3B /* BridgeHeader.h */,
				AFC23AB72191E70A00D6EE3B /* SQLiteConnect.swift */,
			);
			path = plants;
			sourceTree = "<group>";
		};
		AFB0F28C2192D87A00337185 /* Souce3 */ = {
			isa = PBXGroup;
			children = (
				AFB0F28D2192D88800337185 /* mushin.otf */,
			);
			path = Souce3;
			sourceTree = "<group>";
		};
		AFB191492174D9CE005E81F5 /* View */ = {
			isa = PBXGroup;
			children = (
				AFB1914A2174DB48005E81F5 /* PlantsDetailHeaderView.swift */,
				AFB1914C2174E09F005E81F5 /* PlantsDetailIconTextCell.swift */,
				AFB1914E2174E734005E81F5 /* PlantsDetailTextCell.swift */,
				AF70316A2175C13C00B0B11B /* PlantsDetailSeparatorCell.swift */,
				AF70316C2175C1BB00B0B11B /* PlantsDetailMapCell.swift */,
			);
			path = View;
			sourceTree = "<group>";
		};
		AFB191502174EE0F005E81F5 /* Source */ = {
			isa = PBXGroup;
			children = (
				AFB191522174EE2A005E81F5 /* OFL.txt */,
				AFB191582174EE2A005E81F5 /* Rubik-Black.ttf */,
				AFB1915B2174EE2B005E81F5 /* Rubik-BlackItalic.ttf */,
				AFB191562174EE2A005E81F5 /* Rubik-Bold.ttf */,
				AFB191532174EE2A005E81F5 /* Rubik-BoldItalic.ttf */,
				AFB191592174EE2A005E81F5 /* Rubik-Italic.ttf */,
				AFB191512174EE2A005E81F5 /* Rubik-Light.ttf */,
				AFB191572174EE2A005E81F5 /* Rubik-LightItalic.ttf */,
				AFB191542174EE2A005E81F5 /* Rubik-Medium.ttf */,
				AFB191552174EE2A005E81F5 /* Rubik-MediumItalic.ttf */,
				AFB1915A2174EE2B005E81F5 /* Rubik-Regular.ttf */,
			);
			path = Source;
			sourceTree = "<group>";
		};
		AFC23AB42191E6C300D6EE3B /* Frameworks */ = {
			isa = PBXGroup;
			children = (
				AFC23AB52191E6C300D6EE3B /* libsqlite3.tbd */,
			);
			name = Frameworks;
			sourceTree = "<group>";
		};
		AFD2573621A3F7C5000E7C33 /* Source2 */ = {
			isa = PBXGroup;
			children = (
				AFD2573721A3F7C5000E7C33 /* setofont.ttf */,
				AFD2573821A3F7C5000E7C33 /* setofont-ex.ttf */,
			);
			path = Source2;
			sourceTree = "<group>";
		};
/* End PBXGroup section */

/* Begin PBXNativeTarget section */
		AF90642C21176EAD00526161 /* plants */ = {
			isa = PBXNativeTarget;
			buildConfigurationList = AF90643F21176EAF00526161 /* Build configuration list for PBXNativeTarget "plants" */;
			buildPhases = (
				AF90642921176EAD00526161 /* Sources */,
				AF90642A21176EAD00526161 /* Frameworks */,
				AF90642B21176EAD00526161 /* Resources */,
			);
			buildRules = (
			);
			dependencies = (
			);
			name = plants;
			productName = plants;
			productReference = AF90642D21176EAD00526161 /* plants.app */;
			productType = "com.apple.product-type.application";
		};
/* End PBXNativeTarget section */

/* Begin PBXProject section */
		AF90642521176EAD00526161 /* Project object */ = {
			isa = PBXProject;
			attributes = {
				LastSwiftUpdateCheck = 0940;
				LastUpgradeCheck = 0940;
				ORGANIZATIONNAME = viplab;
				TargetAttributes = {
					AF90642C21176EAD00526161 = {
						CreatedOnToolsVersion = 9.4.1;
					};
				};
			};
			buildConfigurationList = AF90642821176EAD00526161 /* Build configuration list for PBXProject "plants" */;
			compatibilityVersion = "Xcode 9.3";
			developmentRegion = en;
			hasScannedForEncodings = 0;
			knownRegions = (
				en,
				Base,
			);
			mainGroup = AF90642421176EAD00526161;
			productRefGroup = AF90642E21176EAD00526161 /* Products */;
			projectDirPath = "";
			projectRoot = "";
			targets = (
				AF90642C21176EAD00526161 /* plants */,
			);
		};
/* End PBXProject section */

/* Begin PBXResourcesBuildPhase section */
		AF90642B21176EAD00526161 /* Resources */ = {
			isa = PBXResourcesBuildPhase;
			buildActionMask = 2147483647;
			files = (
				AF90643B21176EAF00526161 /* LaunchScreen.storyboard in Resources */,
				AFB9BDA421762F3300A5B78F /* Rubik-Regular.ttf in Resources */,
				AFB9BD9E21762F3300A5B78F /* Rubik-BoldItalic.ttf in Resources */,
				AF90643821176EAF00526161 /* Assets.xcassets in Resources */,
				AFB9BDA221762F3300A5B78F /* Rubik-Medium.ttf in Resources */,
				AFB9BDA121762F3300A5B78F /* Rubik-LightItalic.ttf in Resources */,
				AFB9BD9C21762F3300A5B78F /* Rubik-BlackItalic.ttf in Resources */,
				AFB9BD9A21762F3300A5B78F /* OFL.txt in Resources */,
				AFB9BD9F21762F3300A5B78F /* Rubik-Italic.ttf in Resources */,
				AFB0F28F2192D88800337185 /* mushin.otf in Resources */,
				AFD2573921A3F7C5000E7C33 /* setofont.ttf in Resources */,
				AFB1E87121B7798600361DB5 /* ncnuplant.sqlite in Resources */,
				AFB9BD9D21762F3300A5B78F /* Rubik-Bold.ttf in Resources */,
				AFD2573A21A3F7C5000E7C33 /* setofont-ex.ttf in Resources */,
				AFB9BDA321762F3300A5B78F /* Rubik-MediumItalic.ttf in Resources */,
				AFB9BDA021762F3300A5B78F /* Rubik-Light.ttf in Resources */,
				AFB9BD9B21762F3300A5B78F /* Rubik-Black.ttf in Resources */,
				AF90643621176EAD00526161 /* Main.storyboard in Resources */,
			);
			runOnlyForDeploymentPostprocessing = 0;
		};
/* End PBXResourcesBuildPhase section */

/* Begin PBXSourcesBuildPhase section */
		AF90642921176EAD00526161 /* Sources */ = {
			isa = PBXSourcesBuildPhase;
			buildActionMask = 2147483647;
			files = (
				AF70316F2175D52400B0B11B /* MapViewController.swift in Sources */,
				AFB9BDA721762F5E00A5B78F /* Plants.xcdatamodeld in Sources */,
				AFB0F27C2192887900337185 /* Plantslocation.swift in Sources */,
				AF31609321226477003A3730 /* Plants.swift in Sources */,
				AF90643121176EAD00526161 /* AppDelegate.swift in Sources */,
				AF906445211771DF00526161 /* PlantsTableViewCell.swift in Sources */,
				AFCD75B821180B45002D13C1 /* PlantsDetailViewController.swift in Sources */,
				AF70316B2175C13C00B0B11B /* PlantsDetailSeparatorCell.swift in Sources */,
				AF70316D2175C1BB00B0B11B /* PlantsDetailMapCell.swift in Sources */,
				AFB1914D2174E09F005E81F5 /* PlantsDetailIconTextCell.swift in Sources */,
				AFB1914B2174DB48005E81F5 /* PlantsDetailHeaderView.swift in Sources */,
				AF906443211771C100526161 /* PlantsTableViewController.swift in Sources */,
				AFB0F27E2192893C00337185 /* Datatag.swift in Sources */,
				AFC23AB82191E70A00D6EE3B /* SQLiteConnect.swift in Sources */,
				AFB1914F2174E734005E81F5 /* PlantsDetailTextCell.swift in Sources */,
			);
			runOnlyForDeploymentPostprocessing = 0;
		};
/* End PBXSourcesBuildPhase section */

/* Begin PBXVariantGroup section */
		AF90643421176EAD00526161 /* Main.storyboard */ = {
			isa = PBXVariantGroup;
			children = (
				AF90643521176EAD00526161 /* Base */,
			);
			name = Main.storyboard;
			sourceTree = "<group>";
		};
		AF90643921176EAF00526161 /* LaunchScreen.storyboard */ = {
			isa = PBXVariantGroup;
			children = (
				AF90643A21176EAF00526161 /* Base */,
			);
			name = LaunchScreen.storyboard;
			sourceTree = "<group>";
		};
/* End PBXVariantGroup section */

/* Begin XCBuildConfiguration section */
		AF90643D21176EAF00526161 /* Debug */ = {
			isa = XCBuildConfiguration;
			buildSettings = {
				ALWAYS_SEARCH_USER_PATHS = NO;
				CLANG_ANALYZER_NONNULL = YES;
				CLANG_ANALYZER_NUMBER_OBJECT_CONVERSION = YES_AGGRESSIVE;
				CLANG_CXX_LANGUAGE_STANDARD = "gnu++14";
				CLANG_CXX_LIBRARY = "libc++";
				CLANG_ENABLE_MODULES = YES;
				CLANG_ENABLE_OBJC_ARC = YES;
				CLANG_ENABLE_OBJC_WEAK = YES;
				CLANG_WARN_BLOCK_CAPTURE_AUTORELEASING = YES;
				CLANG_WARN_BOOL_CONVERSION = YES;
				CLANG_WARN_COMMA = YES;
				CLANG_WARN_CONSTANT_CONVERSION = YES;
				CLANG_WARN_DEPRECATED_OBJC_IMPLEMENTATIONS = YES;
				CLANG_WARN_DIRECT_OBJC_ISA_USAGE = YES_ERROR;
				CLANG_WARN_DOCUMENTATION_COMMENTS = YES;
				CLANG_WARN_EMPTY_BODY = YES;
				CLANG_WARN_ENUM_CONVERSION = YES;
				CLANG_WARN_INFINITE_RECURSION = YES;
				CLANG_WARN_INT_CONVERSION = YES;
				CLANG_WARN_NON_LITERAL_NULL_CONVERSION = YES;
				CLANG_WARN_OBJC_IMPLICIT_RETAIN_SELF = YES;
				CLANG_WARN_OBJC_LITERAL_CONVERSION = YES;
				CLANG_WARN_OBJC_ROOT_CLASS = YES_ERROR;
				CLANG_WARN_RANGE_LOOP_ANALYSIS = YES;
				CLANG_WARN_STRICT_PROTOTYPES = YES;
				CLANG_WARN_SUSPICIOUS_MOVE = YES;
				CLANG_WARN_UNGUARDED_AVAILABILITY = YES_AGGRESSIVE;
				CLANG_WARN_UNREACHABLE_CODE = YES;
				CLANG_WARN__DUPLICATE_METHOD_MATCH = YES;
				CODE_SIGN_IDENTITY = "iPhone Developer";
				COPY_PHASE_STRIP = NO;
				DEBUG_INFORMATION_FORMAT = dwarf;
				ENABLE_STRICT_OBJC_MSGSEND = YES;
				ENABLE_TESTABILITY = YES;
				GCC_C_LANGUAGE_STANDARD = gnu11;
				GCC_DYNAMIC_NO_PIC = NO;
				GCC_NO_COMMON_BLOCKS = YES;
				GCC_OPTIMIZATION_LEVEL = 0;
				GCC_PREPROCESSOR_DEFINITIONS = (
					"DEBUG=1",
					"$(inherited)",
				);
				GCC_WARN_64_TO_32_BIT_CONVERSION = YES;
				GCC_WARN_ABOUT_RETURN_TYPE = YES_ERROR;
				GCC_WARN_UNDECLARED_SELECTOR = YES;
				GCC_WARN_UNINITIALIZED_AUTOS = YES_AGGRESSIVE;
				GCC_WARN_UNUSED_FUNCTION = YES;
				GCC_WARN_UNUSED_VARIABLE = YES;
				IPHONEOS_DEPLOYMENT_TARGET = 11.4;
				MTL_ENABLE_DEBUG_INFO = YES;
				ONLY_ACTIVE_ARCH = YES;
				SDKROOT = iphoneos;
				SWIFT_ACTIVE_COMPILATION_CONDITIONS = DEBUG;
				SWIFT_OPTIMIZATION_LEVEL = "-Onone";
			};
			name = Debug;
		};
		AF90643E21176EAF00526161 /* Release */ = {
			isa = XCBuildConfiguration;
			buildSettings = {
				ALWAYS_SEARCH_USER_PATHS = NO;
				CLANG_ANALYZER_NONNULL = YES;
				CLANG_ANALYZER_NUMBER_OBJECT_CONVERSION = YES_AGGRESSIVE;
				CLANG_CXX_LANGUAGE_STANDARD = "gnu++14";
				CLANG_CXX_LIBRARY = "libc++";
				CLANG_ENABLE_MODULES = YES;
				CLANG_ENABLE_OBJC_ARC = YES;
				CLANG_ENABLE_OBJC_WEAK = YES;
				CLANG_WARN_BLOCK_CAPTURE_AUTORELEASING = YES;
				CLANG_WARN_BOOL_CONVERSION = YES;
				CLANG_WARN_COMMA = YES;
				CLANG_WARN_CONSTANT_CONVERSION = YES;
				CLANG_WARN_DEPRECATED_OBJC_IMPLEMENTATIONS = YES;
				CLANG_WARN_DIRECT_OBJC_ISA_USAGE = YES_ERROR;
				CLANG_WARN_DOCUMENTATION_COMMENTS = YES;
				CLANG_WARN_EMPTY_BODY = YES;
				CLANG_WARN_ENUM_CONVERSION = YES;
				CLANG_WARN_INFINITE_RECURSION = YES;
				CLANG_WARN_INT_CONVERSION = YES;
				CLANG_WARN_NON_LITERAL_NULL_CONVERSION = YES;
				CLANG_WARN_OBJC_IMPLICIT_RETAIN_SELF = YES;
				CLANG_WARN_OBJC_LITERAL_CONVERSION = YES;
				CLANG_WARN_OBJC_ROOT_CLASS = YES_ERROR;
				CLANG_WARN_RANGE_LOOP_ANALYSIS = YES;
				CLANG_WARN_STRICT_PROTOTYPES = YES;
				CLANG_WARN_SUSPICIOUS_MOVE = YES;
				CLANG_WARN_UNGUARDED_AVAILABILITY = YES_AGGRESSIVE;
				CLANG_WARN_UNREACHABLE_CODE = YES;
				CLANG_WARN__DUPLICATE_METHOD_MATCH = YES;
				CODE_SIGN_IDENTITY = "iPhone Developer";
				COPY_PHASE_STRIP = NO;
				DEBUG_INFORMATION_FORMAT = "dwarf-with-dsym";
				ENABLE_NS_ASSERTIONS = NO;
				ENABLE_STRICT_OBJC_MSGSEND = YES;
				GCC_C_LANGUAGE_STANDARD = gnu11;
				GCC_NO_COMMON_BLOCKS = YES;
				GCC_WARN_64_TO_32_BIT_CONVERSION = YES;
				GCC_WARN_ABOUT_RETURN_TYPE = YES_ERROR;
				GCC_WARN_UNDECLARED_SELECTOR = YES;
				GCC_WARN_UNINITIALIZED_AUTOS = YES_AGGRESSIVE;
				GCC_WARN_UNUSED_FUNCTION = YES;
				GCC_WARN_UNUSED_VARIABLE = YES;
				IPHONEOS_DEPLOYMENT_TARGET = 11.4;
				MTL_ENABLE_DEBUG_INFO = NO;
				SDKROOT = iphoneos;
				SWIFT_COMPILATION_MODE = wholemodule;
				SWIFT_OPTIMIZATION_LEVEL = "-O";
				VALIDATE_PRODUCT = YES;
			};
			name = Release;
		};
		AF90644021176EAF00526161 /* Debug */ = {
			isa = XCBuildConfiguration;
			buildSettings = {
				ASSETCATALOG_COMPILER_APPICON_NAME = AppIcon;
				CODE_SIGN_STYLE = Automatic;
				DEVELOPMENT_TEAM = XW9B7MQLBU;
				INFOPLIST_FILE = plants/Info.plist;
				IPHONEOS_DEPLOYMENT_TARGET = 12.0;
				LD_RUNPATH_SEARCH_PATHS = (
					"$(inherited)",
					"@executable_path/Frameworks",
				);
				PRODUCT_BUNDLE_IDENTIFIER = viplab.plants;
				PRODUCT_NAME = "$(TARGET_NAME)";
				SWIFT_OBJC_BRIDGING_HEADER = plants/BridgeHeader.h;
				SWIFT_VERSION = 4.0;
				TARGETED_DEVICE_FAMILY = "1,2";
			};
			name = Debug;
		};
		AF90644121176EAF00526161 /* Release */ = {
			isa = XCBuildConfiguration;
			buildSettings = {
				ASSETCATALOG_COMPILER_APPICON_NAME = AppIcon;
				CODE_SIGN_STYLE = Automatic;
				DEVELOPMENT_TEAM = XW9B7MQLBU;
				INFOPLIST_FILE = plants/Info.plist;
				IPHONEOS_DEPLOYMENT_TARGET = 12.0;
				LD_RUNPATH_SEARCH_PATHS = (
					"$(inherited)",
					"@executable_path/Frameworks",
				);
				PRODUCT_BUNDLE_IDENTIFIER = viplab.plants;
				PRODUCT_NAME = "$(TARGET_NAME)";
				SWIFT_OBJC_BRIDGING_HEADER = plants/BridgeHeader.h;
				SWIFT_VERSION = 4.0;
				TARGETED_DEVICE_FAMILY = "1,2";
			};
			name = Release;
		};
/* End XCBuildConfiguration section */

/* Begin XCConfigurationList section */
		AF90642821176EAD00526161 /* Build configuration list for PBXProject "plants" */ = {
			isa = XCConfigurationList;
			buildConfigurations = (
				AF90643D21176EAF00526161 /* Debug */,
				AF90643E21176EAF00526161 /* Release */,
			);
			defaultConfigurationIsVisible = 0;
			defaultConfigurationName = Release;
		};
		AF90643F21176EAF00526161 /* Build configuration list for PBXNativeTarget "plants" */ = {
			isa = XCConfigurationList;
			buildConfigurations = (
				AF90644021176EAF00526161 /* Debug */,
				AF90644121176EAF00526161 /* Release */,
			);
			defaultConfigurationIsVisible = 0;
			defaultConfigurationName = Release;
		};
/* End XCConfigurationList section */

/* Begin XCVersionGroup section */
		AFB9BDA521762F5E00A5B78F /* Plants.xcdatamodeld */ = {
			isa = XCVersionGroup;
			children = (
				AFB9BDA621762F5E00A5B78F /* Plants.xcdatamodel */,
			);
			currentVersion = AFB9BDA621762F5E00A5B78F /* Plants.xcdatamodel */;
			path = Plants.xcdatamodeld;
			sourceTree = "<group>";
			versionGroupType = wrapper.xcdatamodel;
		};
/* End XCVersionGroup section */
	};
	rootObject = AF90642521176EAD00526161 /* Project object */;
}
